
Microsoft Visual Studio Solution File, Format Version 12.00
# Visual Studio Version 16
VisualStudioVersion = 16.0.30503.244
MinimumVisualStudioVersion = 10.0.40219.1
Project("{FAE04EC0-301F-11D3-BF4B-00C04F79EFBC}") = "Triangle", "Triangle\Triangle.csproj", "{20B584AE-7714-4FC7-B129-218649E1214C}"
EndProject
Global
	GlobalSection(SolutionConfigurationPlatforms) = preSolution
		Debug|Any CPU = Debug|Any CPU
		Release|Any CPU = Release|Any CPU
	EndGlobalSection
	GlobalSection(ProjectConfigurationPlatforms) = postSolution
		{20B584AE-7714-4FC7-B129-218649E1214C}.Debug|Any CPU.ActiveCfg = Debug|Any CPU
		{20B584AE-7714-4FC7-B129-218649E1214C}.Debug|Any CPU.Build.0 = Debug|Any CPU
		{20B584AE-7714-4FC7-B129-218649E1214C}.Release|Any CPU.ActiveCfg = Release|Any CPU
		{20B584AE-7714-4FC7-B129-218649E1214C}.Release|Any CPU.Build.0 = Release|Any CPU
	EndGlobalSection
	GlobalSection(SolutionProperties) = preSolution
		HideSolutionNode = FALSE
	EndGlobalSection
	GlobalSection(ExtensibilityGlobals) = postSolution
		SolutionGuid = {9DA7DBC3-D78C-46FE-95E0-69A0F37ABEE1}
	EndGlobalSection
EndGlobal
